
Microsoft Visual Studio Solution File, Format Version 12.00
# Visual Studio Version 17
VisualStudioVersion = 17.4.33103.184
MinimumVisualStudioVersion = 10.0.40219.1
Project("{FAE04EC0-301F-11D3-BF4B-00C04F79EFBC}") = "Semi_Auto_Labeling", "Semi_Auto_Labeling\Semi_Auto_Labeling.csproj", "{EFD834CB-62A2-4C07-8616-133565FDD977}"
EndProject
Global
	GlobalSection(SolutionConfigurationPlatforms) = preSolution
		Debug|Any CPU = Debug|Any CPU
		Release|Any CPU = Release|Any CPU
	EndGlobalSection
	GlobalSection(ProjectConfigurationPlatforms) = postSolution
		{EFD834CB-62A2-4C07-8616-133565FDD977}.Debug|Any CPU.ActiveCfg = Debug|Any CPU
		{EFD834CB-62A2-4C07-8616-133565FDD977}.Debug|Any CPU.Build.0 = Debug|Any CPU
		{EFD834CB-62A2-4C07-8616-133565FDD977}.Release|Any CPU.ActiveCfg = Release|Any CPU
		{EFD834CB-62A2-4C07-8616-133565FDD977}.Release|Any CPU.Build.0 = Release|Any CPU
	EndGlobalSection
	GlobalSection(SolutionProperties) = preSolution
		HideSolutionNode = FALSE
	EndGlobalSection
	GlobalSection(ExtensibilityGlobals) = postSolution
		SolutionGuid = {037881F0-3200-44AA-A0B2-B6D639403AEF}
	EndGlobalSection
EndGlobal
